
Microsoft Visual Studio Solution File, Format Version 12.00
# Visual Studio Version 17
VisualStudioVersion = 17.0.32126.317
MinimumVisualStudioVersion = 10.0.40219.1
Project("{FAE04EC0-301F-11D3-BF4B-00C04F79EFBC}") = "ShutdownX", "ShutdownX.csproj", "{5C6E41F2-6D8A-4F0D-B191-EF900C234E0B}"
EndProject
Global
	GlobalSection(SolutionConfigurationPlatforms) = preSolution
		Debug|Any CPU = Debug|Any CPU
		Release|Any CPU = Release|Any CPU
	EndGlobalSection
	GlobalSection(ProjectConfigurationPlatforms) = postSolution
		{5C6E41F2-6D8A-4F0D-B191-EF900C234E0B}.Debug|Any CPU.ActiveCfg = Debug|Any CPU
		{5C6E41F2-6D8A-4F0D-B191-EF900C234E0B}.Debug|Any CPU.Build.0 = Debug|Any CPU
		{5C6E41F2-6D8A-4F0D-B191-EF900C234E0B}.Release|Any CPU.ActiveCfg = Release|Any CPU
		{5C6E41F2-6D8A-4F0D-B191-EF900C234E0B}.Release|Any CPU.Build.0 = Release|Any CPU
	EndGlobalSection
	GlobalSection(SolutionProperties) = preSolution
		HideSolutionNode = FALSE
	EndGlobalSection
	GlobalSection(ExtensibilityGlobals) = postSolution
		SolutionGuid = {CBF6387B-2B7E-45C9-A085-3DD09548532A}
	EndGlobalSection
EndGlobal
